# THIS IS AN AUTOGENERATED FILE. DO NOT EDIT THIS FILE DIRECTLY.
# yarn lockfile v1


ansi-styles@^3.2.1:
  version "3.2.1"
  resolved "http://registry.corp.bianlifeng.com/ansi-styles/download/ansi-styles-3.2.1.tgz#41fbb20243e50b12be0f04b8dedbf07520ce841d"
  dependencies:
    color-convert "^1.9.0"

balanced-match@^1.0.0:
  version "1.0.0"
  resolved "http://registry.corp.bianlifeng.com/balanced-match/download/balanced-match-1.0.0.tgz#89b4d199ab2bee49de164ea02b89ce462d71b767"

brace-expansion@^1.1.7:
  version "1.1.11"
  resolved "http://registry.corp.bianlifeng.com/brace-expansion/download/brace-expansion-1.1.11.tgz#3c7fcbf529d87226f3d2f52b966ff5271eb441dd"
  dependencies:
    balanced-match "^1.0.0"
    concat-map "0.0.1"

chalk@^2.4.1:
  version "2.4.1"
  resolved "http://registry.corp.bianlifeng.com/chalk/download/chalk-2.4.1.tgz#18c49ab16a037b6eb0152cc83e3471338215b66e"
  dependencies:
    ansi-styles "^3.2.1"
    escape-string-regexp "^1.0.5"
    supports-color "^5.3.0"

color-convert@^1.9.0:
  version "1.9.3"
  resolved "http://registry.corp.bianlifeng.com/color-convert/download/color-convert-1.9.3.tgz#bb71850690e1f136567de629d2d5471deda4c1e8"
  dependencies:
    color-name "1.1.3"

color-name@1.1.3:
  version "1.1.3"
  resolved "http://registry.corp.bianlifeng.com/color-name/download/color-name-1.1.3.tgz#a7d0558bd89c42f795dd42328f740831ca53bc25"

concat-map@0.0.1:
  version "0.0.1"
  resolved "http://registry.corp.bianlifeng.com/concat-map/download/concat-map-0.0.1.tgz#d8a96bd77fd68df7793a73036a3ba0d5405d477b"

cross-spawn@^6.0.5:
  version "6.0.5"
  resolved "http://registry.corp.bianlifeng.com/cross-spawn/download/cross-spawn-6.0.5.tgz#4a5ec7c64dfae22c3a14124dbacdee846d80cbc4"
  dependencies:
    nice-try "^1.0.4"
    path-key "^2.0.1"
    semver "^5.5.0"
    shebang-command "^1.2.0"
    which "^1.2.9"

escape-string-regexp@^1.0.5:
  version "1.0.5"
  resolved "http://registry.corp.bianlifeng.com/escape-string-regexp/download/escape-string-regexp-1.0.5.tgz#1b61c0562190a8dff6ae3bb2cf0200ca130b86d4"

fs.realpath@^1.0.0:
  version "1.0.0"
  resolved "http://registry.corp.bianlifeng.com/fs.realpath/download/fs.realpath-1.0.0.tgz#1504ad2523158caa40db4a2787cb01411994ea4f"

glob@^7.0.5:
  version "7.1.3"
  resolved "http://registry.corp.bianlifeng.com/glob/download/glob-7.1.3.tgz#3960832d3f1574108342dafd3a67b332c0969df1"
  dependencies:
    fs.realpath "^1.0.0"
    inflight "^1.0.4"
    inherits "2"
    minimatch "^3.0.4"
    once "^1.3.0"
    path-is-absolute "^1.0.0"

has-flag@^3.0.0:
  version "3.0.0"
  resolved "http://registry.corp.bianlifeng.com/has-flag/download/has-flag-3.0.0.tgz#b5d454dc2199ae225699f3467e5a07f3b955bafd"

inflight@^1.0.4:
  version "1.0.6"
  resolved "http://registry.corp.bianlifeng.com/inflight/download/inflight-1.0.6.tgz#49bd6331d7d02d0c09bc910a1075ba8165b56df9"
  dependencies:
    once "^1.3.0"
    wrappy "1"

inherits@2:
  version "2.0.3"
  resolved "http://registry.corp.bianlifeng.com/inherits/download/inherits-2.0.3.tgz#633c2c83e3da42a502f52466022480f4208261de"

isexe@^2.0.0:
  version "2.0.0"
  resolved "http://registry.corp.bianlifeng.com/isexe/download/isexe-2.0.0.tgz#e8fbf374dc556ff8947a10dcb0572d633f2cfa10"

minimatch@^3.0.4:
  version "3.0.4"
  resolved "http://registry.corp.bianlifeng.com/minimatch/download/minimatch-3.0.4.tgz#5166e286457f03306064be5497e8dbb0c3d32083"
  dependencies:
    brace-expansion "^1.1.7"

nice-try@^1.0.4:
  version "1.0.5"
  resolved "http://registry.corp.bianlifeng.com/nice-try/download/nice-try-1.0.5.tgz#a3378a7696ce7d223e88fc9b764bd7ef1089e366"

once@^1.3.0:
  version "1.4.0"
  resolved "http://registry.corp.bianlifeng.com/once/download/once-1.4.0.tgz#583b1aa775961d4b113ac17d9c50baef9dd76bd1"
  dependencies:
    wrappy "1"

path-exists@^3.0.0:
  version "3.0.0"
  resolved "http://registry.corp.bianlifeng.com/path-exists/download/path-exists-3.0.0.tgz#ce0ebeaa5f78cb18925ea7d810d7b59b010fd515"

path-is-absolute@^1.0.0:
  version "1.0.1"
  resolved "http://registry.corp.bianlifeng.com/path-is-absolute/download/path-is-absolute-1.0.1.tgz#174b9268735534ffbc7ace6bf53a5a9e1b5c5f5f"

path-key@^2.0.1:
  version "2.0.1"
  resolved "http://registry.corp.bianlifeng.com/path-key/download/path-key-2.0.1.tgz#411cadb574c5a140d3a4b1910d40d80cc9f40b40"

rimraf@^2.6.2:
  version "2.6.2"
  resolved "http://registry.corp.bianlifeng.com/rimraf/download/rimraf-2.6.2.tgz#2ed8150d24a16ea8651e6d6ef0f47c4158ce7a36"
  dependencies:
    glob "^7.0.5"

semver@^5.5.0:
  version "5.6.0"
  resolved "http://registry.corp.bianlifeng.com/semver/download/semver-5.6.0.tgz#7e74256fbaa49c75aa7c7a205cc22799cac80004"

shebang-command@^1.2.0:
  version "1.2.0"
  resolved "http://registry.corp.bianlifeng.com/shebang-command/download/shebang-command-1.2.0.tgz#44aac65b695b03398968c39f363fee5deafdf1ea"
  dependencies:
    shebang-regex "^1.0.0"

shebang-regex@^1.0.0:
  version "1.0.0"
  resolved "http://registry.corp.bianlifeng.com/shebang-regex/download/shebang-regex-1.0.0.tgz#da42f49740c0b42db2ca9728571cb190c98efea3"

supports-color@^5.3.0:
  version "5.5.0"
  resolved "http://registry.corp.bianlifeng.com/supports-color/download/supports-color-5.5.0.tgz#e2e69a44ac8772f78a1ec0b35b689df6530efc8f"
  dependencies:
    has-flag "^3.0.0"

which@^1.2.9:
  version "1.3.1"
  resolved "http://registry.corp.bianlifeng.com/which/download/which-1.3.1.tgz#a45043d54f5805316da8d62f9f50918d3da70b0a"
  dependencies:
    isexe "^2.0.0"

wrappy@1:
  version "1.0.2"
  resolved "http://registry.corp.bianlifeng.com/wrappy/download/wrappy-1.0.2.tgz#b5243d8f3ec1aa35f1364605bc0d1036e30ab69f"
